// !$*UTF8*$!
{
	archiveVersion = 1;
	classes = {
	};
	objectVersion = 50;
	objects = {

/* Begin PBXBuildFile section */
		74E8F5C5251CCBCA00B5CB16 /* AppDelegate.swift in Sources */ = {isa = PBXBuildFile; fileRef = 74E8F5C4251CCBCA00B5CB16 /* AppDelegate.swift */; };
		74E8F5C7251CCBCA00B5CB16 /* SceneDelegate.swift in Sources */ = {isa = PBXBuildFile; fileRef = 74E8F5C6251CCBCA00B5CB16 /* SceneDelegate.swift */; };
		74E8F5C9251CCBCA00B5CB16 /* ViewController.swift in Sources */ = {isa = PBXBuildFile; fileRef = 74E8F5C8251CCBCA00B5CB16 /* ViewController.swift */; };
		74E8F5CE251CCBCD00B5CB16 /* Assets.xcassets in Resources */ = {isa = PBXBuildFile; fileRef = 74E8F5CD251CCBCD00B5CB16 /* Assets.xcassets */; };
		74E8F5D1251CCBCD00B5CB16 /* LaunchScreen.storyboard in Resources */ = {isa = PBXBuildFile; fileRef = 74E8F5CF251CCBCD00B5CB16 /* LaunchScreen.storyboard */; };
		74E8F5DC251CCBCE00B5CB16 /* MarleySpoonTests.swift in Sources */ = {isa = PBXBuildFile; fileRef = 74E8F5DB251CCBCE00B5CB16 /* MarleySpoonTests.swift */; };
		74E8F5E7251CCBCE00B5CB16 /* MarleySpoonUITests.swift in Sources */ = {isa = PBXBuildFile; fileRef = 74E8F5E6251CCBCE00B5CB16 /* MarleySpoonUITests.swift */; };
		74E8F5FC251CCDD200B5CB16 /* RecipeListRouter.swift in Sources */ = {isa = PBXBuildFile; fileRef = 74E8F5FB251CCDD200B5CB16 /* RecipeListRouter.swift */; };
		74E8F5FE251CCFC400B5CB16 /* AppRoot.swift in Sources */ = {isa = PBXBuildFile; fileRef = 74E8F5FD251CCFC400B5CB16 /* AppRoot.swift */; };
/* End PBXBuildFile section */

/* Begin PBXContainerItemProxy section */
		74E8F5D8251CCBCE00B5CB16 /* PBXContainerItemProxy */ = {
			isa = PBXContainerItemProxy;
			containerPortal = 74E8F5B9251CCBCA00B5CB16 /* Project object */;
			proxyType = 1;
			remoteGlobalIDString = 74E8F5C0251CCBCA00B5CB16;
			remoteInfo = MarleySpoon;
		};
		74E8F5E3251CCBCE00B5CB16 /* PBXContainerItemProxy */ = {
			isa = PBXContainerItemProxy;
			containerPortal = 74E8F5B9251CCBCA00B5CB16 /* Project object */;
			proxyType = 1;
			remoteGlobalIDString = 74E8F5C0251CCBCA00B5CB16;
			remoteInfo = MarleySpoon;
		};
/* End PBXContainerItemProxy section */

/* Begin PBXFileReference section */
		74E8F5C1251CCBCA00B5CB16 /* MarleySpoon.app */ = {isa = PBXFileReference; explicitFileType = wrapper.application; includeInIndex = 0; path = MarleySpoon.app; sourceTree = BUILT_PRODUCTS_DIR; };
		74E8F5C4251CCBCA00B5CB16 /* AppDelegate.swift */ = {isa = PBXFileReference; lastKnownFileType = sourcecode.swift; path = AppDelegate.swift; sourceTree = "<group>"; };
		74E8F5C6251CCBCA00B5CB16 /* SceneDelegate.swift */ = {isa = PBXFileReference; lastKnownFileType = sourcecode.swift; path = SceneDelegate.swift; sourceTree = "<group>"; };
		74E8F5C8251CCBCA00B5CB16 /* ViewController.swift */ = {isa = PBXFileReference; lastKnownFileType = sourcecode.swift; path = ViewController.swift; sourceTree = "<group>"; };
		74E8F5CD251CCBCD00B5CB16 /* Assets.xcassets */ = {isa = PBXFileReference; lastKnownFileType = folder.assetcatalog; path = Assets.xcassets; sourceTree = "<group>"; };
		74E8F5D0251CCBCD00B5CB16 /* Base */ = {isa = PBXFileReference; lastKnownFileType = file.storyboard; name = Base; path = Base.lproj/LaunchScreen.storyboard; sourceTree = "<group>"; };
		74E8F5D2251CCBCD00B5CB16 /* Info.plist */ = {isa = PBXFileReference; lastKnownFileType = text.plist.xml; path = Info.plist; sourceTree = "<group>"; };
		74E8F5D7251CCBCE00B5CB16 /* MarleySpoonTests.xctest */ = {isa = PBXFileReference; explicitFileType = wrapper.cfbundle; includeInIndex = 0; path = MarleySpoonTests.xctest; sourceTree = BUILT_PRODUCTS_DIR; };
		74E8F5DB251CCBCE00B5CB16 /* MarleySpoonTests.swift */ = {isa = PBXFileReference; lastKnownFileType = sourcecode.swift; path = MarleySpoonTests.swift; sourceTree = "<group>"; };
		74E8F5DD251CCBCE00B5CB16 /* Info.plist */ = {isa = PBXFileReference; lastKnownFileType = text.plist.xml; path = Info.plist; sourceTree = "<group>"; };
		74E8F5E2251CCBCE00B5CB16 /* MarleySpoonUITests.xctest */ = {isa = PBXFileReference; explicitFileType = wrapper.cfbundle; includeInIndex = 0; path = MarleySpoonUITests.xctest; sourceTree = BUILT_PRODUCTS_DIR; };
		74E8F5E6251CCBCE00B5CB16 /* MarleySpoonUITests.swift */ = {isa = PBXFileReference; lastKnownFileType = sourcecode.swift; path = MarleySpoonUITests.swift; sourceTree = "<group>"; };
		74E8F5E8251CCBCE00B5CB16 /* Info.plist */ = {isa = PBXFileReference; lastKnownFileType = text.plist.xml; path = Info.plist; sourceTree = "<group>"; };
		74E8F5FB251CCDD200B5CB16 /* RecipeListRouter.swift */ = {isa = PBXFileReference; lastKnownFileType = sourcecode.swift; path = RecipeListRouter.swift; sourceTree = "<group>"; };
		74E8F5FD251CCFC400B5CB16 /* AppRoot.swift */ = {isa = PBXFileReference; lastKnownFileType = sourcecode.swift; path = AppRoot.swift; sourceTree = "<group>"; };
/* End PBXFileReference section */

/* Begin PBXFrameworksBuildPhase section */
		74E8F5BE251CCBCA00B5CB16 /* Frameworks */ = {
			isa = PBXFrameworksBuildPhase;
			buildActionMask = 2147483647;
			files = (
			);
			runOnlyForDeploymentPostprocessing = 0;
		};
		74E8F5D4251CCBCE00B5CB16 /* Frameworks */ = {
			isa = PBXFrameworksBuildPhase;
			buildActionMask = 2147483647;
			files = (
			);
			runOnlyForDeploymentPostprocessing = 0;
		};
		74E8F5DF251CCBCE00B5CB16 /* Frameworks */ = {
			isa = PBXFrameworksBuildPhase;
			buildActionMask = 2147483647;
			files = (
			);
			runOnlyForDeploymentPostprocessing = 0;
		};
/* End PBXFrameworksBuildPhase section */

/* Begin PBXGroup section */
		74E8F5B8251CCBCA00B5CB16 = {
			isa = PBXGroup;
			children = (
				74E8F5C3251CCBCA00B5CB16 /* MarleySpoon */,
				74E8F5DA251CCBCE00B5CB16 /* MarleySpoonTests */,
				74E8F5E5251CCBCE00B5CB16 /* MarleySpoonUITests */,
				74E8F5C2251CCBCA00B5CB16 /* Products */,
			);
			sourceTree = "<group>";
		};
		74E8F5C2251CCBCA00B5CB16 /* Products */ = {
			isa = PBXGroup;
			children = (
				74E8F5C1251CCBCA00B5CB16 /* MarleySpoon.app */,
				74E8F5D7251CCBCE00B5CB16 /* MarleySpoonTests.xctest */,
				74E8F5E2251CCBCE00B5CB16 /* MarleySpoonUITests.xctest */,
			);
			name = Products;
			sourceTree = "<group>";
		};
		74E8F5C3251CCBCA00B5CB16 /* MarleySpoon */ = {
			isa = PBXGroup;
			children = (
				74E8F5F6251CCD5300B5CB16 /* Application */,
				74E8F5F5251CCD2B00B5CB16 /* Modules */,
				74E8F5F4251CCCDC00B5CB16 /* Resources */,
			);
			path = MarleySpoon;
			sourceTree = "<group>";
		};
		74E8F5DA251CCBCE00B5CB16 /* MarleySpoonTests */ = {
			isa = PBXGroup;
			children = (
				74E8F5DB251CCBCE00B5CB16 /* MarleySpoonTests.swift */,
				74E8F5DD251CCBCE00B5CB16 /* Info.plist */,
			);
			path = MarleySpoonTests;
			sourceTree = "<group>";
		};
		74E8F5E5251CCBCE00B5CB16 /* MarleySpoonUITests */ = {
			isa = PBXGroup;
			children = (
				74E8F5E6251CCBCE00B5CB16 /* MarleySpoonUITests.swift */,
				74E8F5E8251CCBCE00B5CB16 /* Info.plist */,
			);
			path = MarleySpoonUITests;
			sourceTree = "<group>";
		};
		74E8F5F4251CCCDC00B5CB16 /* Resources */ = {
			isa = PBXGroup;
			children = (
				74E8F5CD251CCBCD00B5CB16 /* Assets.xcassets */,
				74E8F5CF251CCBCD00B5CB16 /* LaunchScreen.storyboard */,
				74E8F5D2251CCBCD00B5CB16 /* Info.plist */,
			);
			path = Resources;
			sourceTree = "<group>";
		};
		74E8F5F5251CCD2B00B5CB16 /* Modules */ = {
			isa = PBXGroup;
			children = (
				74E8F5F8251CCD9B00B5CB16 /* RecipeDetail */,
				74E8F5F7251CCD6600B5CB16 /* RecipeList */,
			);
			path = Modules;
			sourceTree = "<group>";
		};
		74E8F5F6251CCD5300B5CB16 /* Application */ = {
			isa = PBXGroup;
			children = (
				74E8F5C4251CCBCA00B5CB16 /* AppDelegate.swift */,
				74E8F5C6251CCBCA00B5CB16 /* SceneDelegate.swift */,
				74E8F5FD251CCFC400B5CB16 /* AppRoot.swift */,
			);
			path = Application;
			sourceTree = "<group>";
		};
		74E8F5F7251CCD6600B5CB16 /* RecipeList */ = {
			isa = PBXGroup;
			children = (
				74E8F5FF251CD08D00B5CB16 /* View */,
				74E8F5FA251CCDB700B5CB16 /* Router */,
			);
			path = RecipeList;
			sourceTree = "<group>";
		};
		74E8F5F8251CCD9B00B5CB16 /* RecipeDetail */ = {
			isa = PBXGroup;
			children = (
			);
			path = RecipeDetail;
			sourceTree = "<group>";
		};
		74E8F5FA251CCDB700B5CB16 /* Router */ = {
			isa = PBXGroup;
			children = (
				74E8F5FB251CCDD200B5CB16 /* RecipeListRouter.swift */,
			);
			path = Router;
			sourceTree = "<group>";
		};
		74E8F5FF251CD08D00B5CB16 /* View */ = {
			isa = PBXGroup;
			children = (
				74E8F5C8251CCBCA00B5CB16 /* ViewController.swift */,
			);
			path = View;
			sourceTree = "<group>";
		};
/* End PBXGroup section */

/* Begin PBXNativeTarget section */
		74E8F5C0251CCBCA00B5CB16 /* MarleySpoon */ = {
			isa = PBXNativeTarget;
			buildConfigurationList = 74E8F5EB251CCBCE00B5CB16 /* Build configuration list for PBXNativeTarget "MarleySpoon" */;
			buildPhases = (
				74E8F5BD251CCBCA00B5CB16 /* Sources */,
				74E8F5BE251CCBCA00B5CB16 /* Frameworks */,
				74E8F5BF251CCBCA00B5CB16 /* Resources */,
			);
			buildRules = (
			);
			dependencies = (
			);
			name = MarleySpoon;
			productName = MarleySpoon;
			productReference = 74E8F5C1251CCBCA00B5CB16 /* MarleySpoon.app */;
			productType = "com.apple.product-type.application";
		};
		74E8F5D6251CCBCE00B5CB16 /* MarleySpoonTests */ = {
			isa = PBXNativeTarget;
			buildConfigurationList = 74E8F5EE251CCBCE00B5CB16 /* Build configuration list for PBXNativeTarget "MarleySpoonTests" */;
			buildPhases = (
				74E8F5D3251CCBCE00B5CB16 /* Sources */,
				74E8F5D4251CCBCE00B5CB16 /* Frameworks */,
				74E8F5D5251CCBCE00B5CB16 /* Resources */,
			);
			buildRules = (
			);
			dependencies = (
				74E8F5D9251CCBCE00B5CB16 /* PBXTargetDependency */,
			);
			name = MarleySpoonTests;
			productName = MarleySpoonTests;
			productReference = 74E8F5D7251CCBCE00B5CB16 /* MarleySpoonTests.xctest */;
			productType = "com.apple.product-type.bundle.unit-test";
		};
		74E8F5E1251CCBCE00B5CB16 /* MarleySpoonUITests */ = {
			isa = PBXNativeTarget;
			buildConfigurationList = 74E8F5F1251CCBCE00B5CB16 /* Build configuration list for PBXNativeTarget "MarleySpoonUITests" */;
			buildPhases = (
				74E8F5DE251CCBCE00B5CB16 /* Sources */,
				74E8F5DF251CCBCE00B5CB16 /* Frameworks */,
				74E8F5E0251CCBCE00B5CB16 /* Resources */,
			);
			buildRules = (
			);
			dependencies = (
				74E8F5E4251CCBCE00B5CB16 /* PBXTargetDependency */,
			);
			name = MarleySpoonUITests;
			productName = MarleySpoonUITests;
			productReference = 74E8F5E2251CCBCE00B5CB16 /* MarleySpoonUITests.xctest */;
			productType = "com.apple.product-type.bundle.ui-testing";
		};
/* End PBXNativeTarget section */

/* Begin PBXProject section */
		74E8F5B9251CCBCA00B5CB16 /* Project object */ = {
			isa = PBXProject;
			attributes = {
				LastSwiftUpdateCheck = 1150;
				LastUpgradeCheck = 1150;
				ORGANIZATIONNAME = "reza milani";
				TargetAttributes = {
					74E8F5C0251CCBCA00B5CB16 = {
						CreatedOnToolsVersion = 11.5;
					};
					74E8F5D6251CCBCE00B5CB16 = {
						CreatedOnToolsVersion = 11.5;
						TestTargetID = 74E8F5C0251CCBCA00B5CB16;
					};
					74E8F5E1251CCBCE00B5CB16 = {
						CreatedOnToolsVersion = 11.5;
						TestTargetID = 74E8F5C0251CCBCA00B5CB16;
					};
				};
			};
			buildConfigurationList = 74E8F5BC251CCBCA00B5CB16 /* Build configuration list for PBXProject "MarleySpoon" */;
			compatibilityVersion = "Xcode 9.3";
			developmentRegion = en;
			hasScannedForEncodings = 0;
			knownRegions = (
				en,
				Base,
			);
			mainGroup = 74E8F5B8251CCBCA00B5CB16;
			productRefGroup = 74E8F5C2251CCBCA00B5CB16 /* Products */;
			projectDirPath = "";
			projectRoot = "";
			targets = (
				74E8F5C0251CCBCA00B5CB16 /* MarleySpoon */,
				74E8F5D6251CCBCE00B5CB16 /* MarleySpoonTests */,
				74E8F5E1251CCBCE00B5CB16 /* MarleySpoonUITests */,
			);
		};
/* End PBXProject section */

/* Begin PBXResourcesBuildPhase section */
		74E8F5BF251CCBCA00B5CB16 /* Resources */ = {
			isa = PBXResourcesBuildPhase;
			buildActionMask = 2147483647;
			files = (
				74E8F5D1251CCBCD00B5CB16 /* LaunchScreen.storyboard in Resources */,
				74E8F5CE251CCBCD00B5CB16 /* Assets.xcassets in Resources */,
			);
			runOnlyForDeploymentPostprocessing = 0;
		};
		74E8F5D5251CCBCE00B5CB16 /* Resources */ = {
			isa = PBXResourcesBuildPhase;
			buildActionMask = 2147483647;
			files = (
			);
			runOnlyForDeploymentPostprocessing = 0;
		};
		74E8F5E0251CCBCE00B5CB16 /* Resources */ = {
			isa = PBXResourcesBuildPhase;
			buildActionMask = 2147483647;
			files = (
			);
			runOnlyForDeploymentPostprocessing = 0;
		};
/* End PBXResourcesBuildPhase section */

/* Begin PBXSourcesBuildPhase section */
		74E8F5BD251CCBCA00B5CB16 /* Sources */ = {
			isa = PBXSourcesBuildPhase;
			buildActionMask = 2147483647;
			files = (
				74E8F5C9251CCBCA00B5CB16 /* ViewController.swift in Sources */,
				74E8F5C5251CCBCA00B5CB16 /* AppDelegate.swift in Sources */,
				74E8F5FC251CCDD200B5CB16 /* RecipeListRouter.swift in Sources */,
				74E8F5C7251CCBCA00B5CB16 /* SceneDelegate.swift in Sources */,
				74E8F5FE251CCFC400B5CB16 /* AppRoot.swift in Sources */,
			);
			runOnlyForDeploymentPostprocessing = 0;
		};
		74E8F5D3251CCBCE00B5CB16 /* Sources */ = {
			isa = PBXSourcesBuildPhase;
			buildActionMask = 2147483647;
			files = (
				74E8F5DC251CCBCE00B5CB16 /* MarleySpoonTests.swift in Sources */,
			);
			runOnlyForDeploymentPostprocessing = 0;
		};
		74E8F5DE251CCBCE00B5CB16 /* Sources */ = {
			isa = PBXSourcesBuildPhase;
			buildActionMask = 2147483647;
			files = (
				74E8F5E7251CCBCE00B5CB16 /* MarleySpoonUITests.swift in Sources */,
			);
			runOnlyForDeploymentPostprocessing = 0;
		};
/* End PBXSourcesBuildPhase section */

/* Begin PBXTargetDependency section */
		74E8F5D9251CCBCE00B5CB16 /* PBXTargetDependency */ = {
			isa = PBXTargetDependency;
			target = 74E8F5C0251CCBCA00B5CB16 /* MarleySpoon */;
			targetProxy = 74E8F5D8251CCBCE00B5CB16 /* PBXContainerItemProxy */;
		};
		74E8F5E4251CCBCE00B5CB16 /* PBXTargetDependency */ = {
			isa = PBXTargetDependency;
			target = 74E8F5C0251CCBCA00B5CB16 /* MarleySpoon */;
			targetProxy = 74E8F5E3251CCBCE00B5CB16 /* PBXContainerItemProxy */;
		};
/* End PBXTargetDependency section */

/* Begin PBXVariantGroup section */
		74E8F5CF251CCBCD00B5CB16 /* LaunchScreen.storyboard */ = {
			isa = PBXVariantGroup;
			children = (
				74E8F5D0251CCBCD00B5CB16 /* Base */,
			);
			name = LaunchScreen.storyboard;
			sourceTree = "<group>";
		};
/* End PBXVariantGroup section */

/* Begin XCBuildConfiguration section */
		74E8F5E9251CCBCE00B5CB16 /* Debug */ = {
			isa = XCBuildConfiguration;
			buildSettings = {
				ALWAYS_SEARCH_USER_PATHS = NO;
				CLANG_ANALYZER_NONNULL = YES;
				CLANG_ANALYZER_NUMBER_OBJECT_CONVERSION = YES_AGGRESSIVE;
				CLANG_CXX_LANGUAGE_STANDARD = "gnu++14";
				CLANG_CXX_LIBRARY = "libc++";
				CLANG_ENABLE_MODULES = YES;
				CLANG_ENABLE_OBJC_ARC = YES;
				CLANG_ENABLE_OBJC_WEAK = YES;
				CLANG_WARN_BLOCK_CAPTURE_AUTORELEASING = YES;
				CLANG_WARN_BOOL_CONVERSION = YES;
				CLANG_WARN_COMMA = YES;
				CLANG_WARN_CONSTANT_CONVERSION = YES;
				CLANG_WARN_DEPRECATED_OBJC_IMPLEMENTATIONS = YES;
				CLANG_WARN_DIRECT_OBJC_ISA_USAGE = YES_ERROR;
				CLANG_WARN_DOCUMENTATION_COMMENTS = YES;
				CLANG_WARN_EMPTY_BODY = YES;
				CLANG_WARN_ENUM_CONVERSION = YES;
				CLANG_WARN_INFINITE_RECURSION = YES;
				CLANG_WARN_INT_CONVERSION = YES;
				CLANG_WARN_NON_LITERAL_NULL_CONVERSION = YES;
				CLANG_WARN_OBJC_IMPLICIT_RETAIN_SELF = YES;
				CLANG_WARN_OBJC_LITERAL_CONVERSION = YES;
				CLANG_WARN_OBJC_ROOT_CLASS = YES_ERROR;
				CLANG_WARN_RANGE_LOOP_ANALYSIS = YES;
				CLANG_WARN_STRICT_PROTOTYPES = YES;
				CLANG_WARN_SUSPICIOUS_MOVE = YES;
				CLANG_WARN_UNGUARDED_AVAILABILITY = YES_AGGRESSIVE;
				CLANG_WARN_UNREACHABLE_CODE = YES;
				CLANG_WARN__DUPLICATE_METHOD_MATCH = YES;
				COPY_PHASE_STRIP = NO;
				DEBUG_INFORMATION_FORMAT = dwarf;
				ENABLE_STRICT_OBJC_MSGSEND = YES;
				ENABLE_TESTABILITY = YES;
				GCC_C_LANGUAGE_STANDARD = gnu11;
				GCC_DYNAMIC_NO_PIC = NO;
				GCC_NO_COMMON_BLOCKS = YES;
				GCC_OPTIMIZATION_LEVEL = 0;
				GCC_PREPROCESSOR_DEFINITIONS = (
					"DEBUG=1",
					"$(inherited)",
				);
				GCC_WARN_64_TO_32_BIT_CONVERSION = YES;
				GCC_WARN_ABOUT_RETURN_TYPE = YES_ERROR;
				GCC_WARN_UNDECLARED_SELECTOR = YES;
				GCC_WARN_UNINITIALIZED_AUTOS = YES_AGGRESSIVE;
				GCC_WARN_UNUSED_FUNCTION = YES;
				GCC_WARN_UNUSED_VARIABLE = YES;
				IPHONEOS_DEPLOYMENT_TARGET = 10.0;
				MTL_ENABLE_DEBUG_INFO = INCLUDE_SOURCE;
				MTL_FAST_MATH = YES;
				ONLY_ACTIVE_ARCH = YES;
				SDKROOT = iphoneos;
				SWIFT_ACTIVE_COMPILATION_CONDITIONS = DEBUG;
				SWIFT_OPTIMIZATION_LEVEL = "-Onone";
			};
			name = Debug;
		};
		74E8F5EA251CCBCE00B5CB16 /* Release */ = {
			isa = XCBuildConfiguration;
			buildSettings = {
				ALWAYS_SEARCH_USER_PATHS = NO;
				CLANG_ANALYZER_NONNULL = YES;
				CLANG_ANALYZER_NUMBER_OBJECT_CONVERSION = YES_AGGRESSIVE;
				CLANG_CXX_LANGUAGE_STANDARD = "gnu++14";
				CLANG_CXX_LIBRARY = "libc++";
				CLANG_ENABLE_MODULES = YES;
				CLANG_ENABLE_OBJC_ARC = YES;
				CLANG_ENABLE_OBJC_WEAK = YES;
				CLANG_WARN_BLOCK_CAPTURE_AUTORELEASING = YES;
				CLANG_WARN_BOOL_CONVERSION = YES;
				CLANG_WARN_COMMA = YES;
				CLANG_WARN_CONSTANT_CONVERSION = YES;
				CLANG_WARN_DEPRECATED_OBJC_IMPLEMENTATIONS = YES;
				CLANG_WARN_DIRECT_OBJC_ISA_USAGE = YES_ERROR;
				CLANG_WARN_DOCUMENTATION_COMMENTS = YES;
				CLANG_WARN_EMPTY_BODY = YES;
				CLANG_WARN_ENUM_CONVERSION = YES;
				CLANG_WARN_INFINITE_RECURSION = YES;
				CLANG_WARN_INT_CONVERSION = YES;
				CLANG_WARN_NON_LITERAL_NULL_CONVERSION = YES;
				CLANG_WARN_OBJC_IMPLICIT_RETAIN_SELF = YES;
				CLANG_WARN_OBJC_LITERAL_CONVERSION = YES;
				CLANG_WARN_OBJC_ROOT_CLASS = YES_ERROR;
				CLANG_WARN_RANGE_LOOP_ANALYSIS = YES;
				CLANG_WARN_STRICT_PROTOTYPES = YES;
				CLANG_WARN_SUSPICIOUS_MOVE = YES;
				CLANG_WARN_UNGUARDED_AVAILABILITY = YES_AGGRESSIVE;
				CLANG_WARN_UNREACHABLE_CODE = YES;
				CLANG_WARN__DUPLICATE_METHOD_MATCH = YES;
				COPY_PHASE_STRIP = NO;
				DEBUG_INFORMATION_FORMAT = "dwarf-with-dsym";
				ENABLE_NS_ASSERTIONS = NO;
				ENABLE_STRICT_OBJC_MSGSEND = YES;
				GCC_C_LANGUAGE_STANDARD = gnu11;
				GCC_NO_COMMON_BLOCKS = YES;
				GCC_WARN_64_TO_32_BIT_CONVERSION = YES;
				GCC_WARN_ABOUT_RETURN_TYPE = YES_ERROR;
				GCC_WARN_UNDECLARED_SELECTOR = YES;
				GCC_WARN_UNINITIALIZED_AUTOS = YES_AGGRESSIVE;
				GCC_WARN_UNUSED_FUNCTION = YES;
				GCC_WARN_UNUSED_VARIABLE = YES;
				IPHONEOS_DEPLOYMENT_TARGET = 10.0;
				MTL_ENABLE_DEBUG_INFO = NO;
				MTL_FAST_MATH = YES;
				SDKROOT = iphoneos;
				SWIFT_COMPILATION_MODE = wholemodule;
				SWIFT_OPTIMIZATION_LEVEL = "-O";
				VALIDATE_PRODUCT = YES;
			};
			name = Release;
		};
		74E8F5EC251CCBCE00B5CB16 /* Debug */ = {
			isa = XCBuildConfiguration;
			buildSettings = {
				ASSETCATALOG_COMPILER_APPICON_NAME = AppIcon;
				CODE_SIGN_STYLE = Automatic;
				INFOPLIST_FILE = MarleySpoon/Resources/Info.plist;
				LD_RUNPATH_SEARCH_PATHS = (
					"$(inherited)",
					"@executable_path/Frameworks",
				);
				PRODUCT_BUNDLE_IDENTIFIER = com.rmt.test.MarleySpoon;
				PRODUCT_NAME = "$(TARGET_NAME)";
				SWIFT_VERSION = 5.0;
				TARGETED_DEVICE_FAMILY = "1,2";
			};
			name = Debug;
		};
		74E8F5ED251CCBCE00B5CB16 /* Release */ = {
			isa = XCBuildConfiguration;
			buildSettings = {
				ASSETCATALOG_COMPILER_APPICON_NAME = AppIcon;
				CODE_SIGN_STYLE = Automatic;
				INFOPLIST_FILE = MarleySpoon/Resources/Info.plist;
				LD_RUNPATH_SEARCH_PATHS = (
					"$(inherited)",
					"@executable_path/Frameworks",
				);
				PRODUCT_BUNDLE_IDENTIFIER = com.rmt.test.MarleySpoon;
				PRODUCT_NAME = "$(TARGET_NAME)";
				SWIFT_VERSION = 5.0;
				TARGETED_DEVICE_FAMILY = "1,2";
			};
			name = Release;
		};
		74E8F5EF251CCBCE00B5CB16 /* Debug */ = {
			isa = XCBuildConfiguration;
			buildSettings = {
				ALWAYS_EMBED_SWIFT_STANDARD_LIBRARIES = YES;
				BUNDLE_LOADER = "$(TEST_HOST)";
				CODE_SIGN_STYLE = Automatic;
				INFOPLIST_FILE = MarleySpoonTests/Info.plist;
				IPHONEOS_DEPLOYMENT_TARGET = 13.5;
				LD_RUNPATH_SEARCH_PATHS = (
					"$(inherited)",
					"@executable_path/Frameworks",
					"@loader_path/Frameworks",
				);
				PRODUCT_BUNDLE_IDENTIFIER = com.rmt.test.MarleySpoonTests;
				PRODUCT_NAME = "$(TARGET_NAME)";
				SWIFT_VERSION = 5.0;
				TARGETED_DEVICE_FAMILY = "1,2";
				TEST_HOST = "$(BUILT_PRODUCTS_DIR)/MarleySpoon.app/MarleySpoon";
			};
			name = Debug;
		};
		74E8F5F0251CCBCE00B5CB16 /* Release */ = {
			isa = XCBuildConfiguration;
			buildSettings = {
				ALWAYS_EMBED_SWIFT_STANDARD_LIBRARIES = YES;
				BUNDLE_LOADER = "$(TEST_HOST)";
				CODE_SIGN_STYLE = Automatic;
				INFOPLIST_FILE = MarleySpoonTests/Info.plist;
				IPHONEOS_DEPLOYMENT_TARGET = 13.5;
				LD_RUNPATH_SEARCH_PATHS = (
					"$(inherited)",
					"@executable_path/Frameworks",
					"@loader_path/Frameworks",
				);
				PRODUCT_BUNDLE_IDENTIFIER = com.rmt.test.MarleySpoonTests;
				PRODUCT_NAME = "$(TARGET_NAME)";
				SWIFT_VERSION = 5.0;
				TARGETED_DEVICE_FAMILY = "1,2";
				TEST_HOST = "$(BUILT_PRODUCTS_DIR)/MarleySpoon.app/MarleySpoon";
			};
			name = Release;
		};
		74E8F5F2251CCBCE00B5CB16 /* Debug */ = {
			isa = XCBuildConfiguration;
			buildSettings = {
				ALWAYS_EMBED_SWIFT_STANDARD_LIBRARIES = YES;
				CODE_SIGN_STYLE = Automatic;
				INFOPLIST_FILE = MarleySpoonUITests/Info.plist;
				LD_RUNPATH_SEARCH_PATHS = (
					"$(inherited)",
					"@executable_path/Frameworks",
					"@loader_path/Frameworks",
				);
				PRODUCT_BUNDLE_IDENTIFIER = com.rmt.test.MarleySpoonUITests;
				PRODUCT_NAME = "$(TARGET_NAME)";
				SWIFT_VERSION = 5.0;
				TARGETED_DEVICE_FAMILY = "1,2";
				TEST_TARGET_NAME = MarleySpoon;
			};
			name = Debug;
		};
		74E8F5F3251CCBCE00B5CB16 /* Release */ = {
			isa = XCBuildConfiguration;
			buildSettings = {
				ALWAYS_EMBED_SWIFT_STANDARD_LIBRARIES = YES;
				CODE_SIGN_STYLE = Automatic;
				INFOPLIST_FILE = MarleySpoonUITests/Info.plist;
				LD_RUNPATH_SEARCH_PATHS = (
					"$(inherited)",
					"@executable_path/Frameworks",
					"@loader_path/Frameworks",
				);
				PRODUCT_BUNDLE_IDENTIFIER = com.rmt.test.MarleySpoonUITests;
				PRODUCT_NAME = "$(TARGET_NAME)";
				SWIFT_VERSION = 5.0;
				TARGETED_DEVICE_FAMILY = "1,2";
				TEST_TARGET_NAME = MarleySpoon;
			};
			name = Release;
		};
/* End XCBuildConfiguration section */

/* Begin XCConfigurationList section */
		74E8F5BC251CCBCA00B5CB16 /* Build configuration list for PBXProject "MarleySpoon" */ = {
			isa = XCConfigurationList;
			buildConfigurations = (
				74E8F5E9251CCBCE00B5CB16 /* Debug */,
				74E8F5EA251CCBCE00B5CB16 /* Release */,
			);
			defaultConfigurationIsVisible = 0;
			defaultConfigurationName = Release;
		};
		74E8F5EB251CCBCE00B5CB16 /* Build configuration list for PBXNativeTarget "MarleySpoon" */ = {
			isa = XCConfigurationList;
			buildConfigurations = (
				74E8F5EC251CCBCE00B5CB16 /* Debug */,
				74E8F5ED251CCBCE00B5CB16 /* Release */,
			);
			defaultConfigurationIsVisible = 0;
			defaultConfigurationName = Release;
		};
		74E8F5EE251CCBCE00B5CB16 /* Build configuration list for PBXNativeTarget "MarleySpoonTests" */ = {
			isa = XCConfigurationList;
			buildConfigurations = (
				74E8F5EF251CCBCE00B5CB16 /* Debug */,
				74E8F5F0251CCBCE00B5CB16 /* Release */,
			);
			defaultConfigurationIsVisible = 0;
			defaultConfigurationName = Release;
		};
		74E8F5F1251CCBCE00B5CB16 /* Build configuration list for PBXNativeTarget "MarleySpoonUITests" */ = {
			isa = XCConfigurationList;
			buildConfigurations = (
				74E8F5F2251CCBCE00B5CB16 /* Debug */,
				74E8F5F3251CCBCE00B5CB16 /* Release */,
			);
			defaultConfigurationIsVisible = 0;
			defaultConfigurationName = Release;
		};
/* End XCConfigurationList section */
	};
	rootObject = 74E8F5B9251CCBCA00B5CB16 /* Project object */;
}
